
Microsoft Visual Studio Solution File, Format Version 12.00
Project("{FAE04EC0-301F-11D3-BF4B-00C04F79EFBC}") = "ReviewApp.API", "ReviewApp.API\ReviewApp.API.csproj", "{F63FB40C-6C84-4527-B508-153725D51D47}"
EndProject
Global
	GlobalSection(SolutionConfigurationPlatforms) = preSolution
		Debug|Any CPU = Debug|Any CPU
		Release|Any CPU = Release|Any CPU
	EndGlobalSection
	GlobalSection(ProjectConfigurationPlatforms) = postSolution
		{F63FB40C-6C84-4527-B508-153725D51D47}.Debug|Any CPU.ActiveCfg = Debug|Any CPU
		{F63FB40C-6C84-4527-B508-153725D51D47}.Debug|Any CPU.Build.0 = Debug|Any CPU
		{F63FB40C-6C84-4527-B508-153725D51D47}.Release|Any CPU.ActiveCfg = Release|Any CPU
		{F63FB40C-6C84-4527-B508-153725D51D47}.Release|Any CPU.Build.0 = Release|Any CPU
	EndGlobalSection
EndGlobal
